# This file was autogenerated by Stack.
# You should not edit this file by hand.
# For more information, please see the documentation at:
#   https://docs.haskellstack.org/en/stable/lock_files

packages:
- completed:
    hackage: optparse-applicative-0.16.1.0@sha256:d410cc76e288b93d4ee7e06addc0381a7eaea43bcee0c3ced03f05cadec2f2fc,4836
    pantry-tree:
      size: 2979
      sha256: bfff15197c553035578163cd3da352bcddcf0f11f57ae40ead22ef6dd120c40c
  original:
    hackage: optparse-applicative-0.16.1.0
- completed:
    hackage: break-1.0.2@sha256:dd0615d3abb228afd5c3d4e639fe2e212dfc1fd8819629c625f8b159e514e940,840
    pantry-tree:
      size: 209
      sha256: c55621b8a296b9025a39982a6b898e696bd20c1b779535b6f8aaff0b6ef403fd
  original:
    hackage: break-1.0.2
snapshots:
- completed:
    size: 563103
    url: https://raw.githubusercontent.com/commercialhaskell/stackage-snapshots/master/lts/17/4.yaml
    sha256: f11e2153044f5f71ea7b1c9398f4721f517c9bd37642ed769647b896564021f3
  original:
    url: https://raw.githubusercontent.com/commercialhaskell/stackage-snapshots/master/lts/17/4.yaml
